
Microsoft Visual Studio Solution File, Format Version 12.00
# Visual Studio Version 17
VisualStudioVersion = 17.7.34221.43
MinimumVisualStudioVersion = 10.0.40219.1
Project("{8BC9CEB8-8B4A-11D0-8D11-00A0C91BC942}") = "cpp_appl_450", "cpp_appl_450\cpp_appl_450.vcxproj", "{100DFC45-8720-4F7E-ABA4-909A0CC30446}"
EndProject
Global
	GlobalSection(SolutionConfigurationPlatforms) = preSolution
		Debug|x64 = Debug|x64
		Debug|x86 = Debug|x86
		Release|x64 = Release|x64
		Release|x86 = Release|x86
	EndGlobalSection
	GlobalSection(ProjectConfigurationPlatforms) = postSolution
		{100DFC45-8720-4F7E-ABA4-909A0CC30446}.Debug|x64.ActiveCfg = Debug|x64
		{100DFC45-8720-4F7E-ABA4-909A0CC30446}.Debug|x64.Build.0 = Debug|x64
		{100DFC45-8720-4F7E-ABA4-909A0CC30446}.Debug|x86.ActiveCfg = Debug|Win32
		{100DFC45-8720-4F7E-ABA4-909A0CC30446}.Debug|x86.Build.0 = Debug|Win32
		{100DFC45-8720-4F7E-ABA4-909A0CC30446}.Release|x64.ActiveCfg = Release|x64
		{100DFC45-8720-4F7E-ABA4-909A0CC30446}.Release|x64.Build.0 = Release|x64
		{100DFC45-8720-4F7E-ABA4-909A0CC30446}.Release|x86.ActiveCfg = Release|Win32
		{100DFC45-8720-4F7E-ABA4-909A0CC30446}.Release|x86.Build.0 = Release|Win32
	EndGlobalSection
	GlobalSection(SolutionProperties) = preSolution
		HideSolutionNode = FALSE
	EndGlobalSection
	GlobalSection(ExtensibilityGlobals) = postSolution
		SolutionGuid = {2D4DB3EC-A7CD-4A94-898D-B9065962AD59}
	EndGlobalSection
EndGlobal
